// !$*UTF8*$!
{
	archiveVersion = 1;
	classes = {
	};
	objectVersion = 56;
	objects = {

/* Begin PBXBuildFile section */
		265679442B04935F003DCA94 /* CategoryHome.swift in Sources */ = {isa = PBXBuildFile; fileRef = 265679432B04935F003DCA94 /* CategoryHome.swift */; };
		265679462B04953F003DCA94 /* CategoryRow.swift in Sources */ = {isa = PBXBuildFile; fileRef = 265679452B04953F003DCA94 /* CategoryRow.swift */; };
		26DA7F2D2B04A1D8001550A5 /* CategoryItem.swift in Sources */ = {isa = PBXBuildFile; fileRef = 26DA7F2C2B04A1D8001550A5 /* CategoryItem.swift */; };
		26DA7F2F2B04A5C8001550A5 /* Profile.swift in Sources */ = {isa = PBXBuildFile; fileRef = 26DA7F2E2B04A5C8001550A5 /* Profile.swift */; };
		26DA7F322B04A77D001550A5 /* ProfileHost.swift in Sources */ = {isa = PBXBuildFile; fileRef = 26DA7F312B04A77D001550A5 /* ProfileHost.swift */; };
		26DA7F342B04A80F001550A5 /* ProfileSummary.swift in Sources */ = {isa = PBXBuildFile; fileRef = 26DA7F332B04A80F001550A5 /* ProfileSummary.swift */; };
		26DA7F362B04A93E001550A5 /* HikeBadge.swift in Sources */ = {isa = PBXBuildFile; fileRef = 26DA7F352B04A93E001550A5 /* HikeBadge.swift */; };
		26DA7F382B0534E7001550A5 /* ProfileEditor.swift in Sources */ = {isa = PBXBuildFile; fileRef = 26DA7F372B0534E7001550A5 /* ProfileEditor.swift */; };
		26DA7F3B2B054D3A001550A5 /* PageViewController.swift in Sources */ = {isa = PBXBuildFile; fileRef = 26DA7F3A2B054D3A001550A5 /* PageViewController.swift */; };
		26DA7F3D2B0566F2001550A5 /* FeatureCard.swift in Sources */ = {isa = PBXBuildFile; fileRef = 26DA7F3C2B0566F2001550A5 /* FeatureCard.swift */; };
		26DA7F3F2B0568B2001550A5 /* PageView.swift in Sources */ = {isa = PBXBuildFile; fileRef = 26DA7F3E2B0568B2001550A5 /* PageView.swift */; };
		26DA7F412B06DE2A001550A5 /* PageControl.swift in Sources */ = {isa = PBXBuildFile; fileRef = 26DA7F402B06DE2A001550A5 /* PageControl.swift */; };
		26DA7F4B2B06E436001550A5 /* ContentView.swift in Sources */ = {isa = PBXBuildFile; fileRef = 26DA7F4A2B06E436001550A5 /* ContentView.swift */; };
		26DA7F4D2B06E436001550A5 /* Assets.xcassets in Resources */ = {isa = PBXBuildFile; fileRef = 26DA7F4C2B06E436001550A5 /* Assets.xcassets */; };
		26DA7F502B06E436001550A5 /* Preview Assets.xcassets in Resources */ = {isa = PBXBuildFile; fileRef = 26DA7F4F2B06E436001550A5 /* Preview Assets.xcassets */; };
		26DA7F532B06E436001550A5 /* WatchLandmarks Watch App.app in Embed Watch Content */ = {isa = PBXBuildFile; fileRef = 26DA7F462B06E436001550A5 /* WatchLandmarks Watch App.app */; settings = {ATTRIBUTES = (RemoveHeadersOnCopy, ); }; };
		26DA7F582B06E721001550A5 /* ModelData.swift in Sources */ = {isa = PBXBuildFile; fileRef = 26F39CFB2B0044D900A9F305 /* ModelData.swift */; };
		26DA7F592B06E721001550A5 /* Profile.swift in Sources */ = {isa = PBXBuildFile; fileRef = 26DA7F2E2B04A5C8001550A5 /* Profile.swift */; };
		26DA7F5A2B06E721001550A5 /* CircleImage.swift in Sources */ = {isa = PBXBuildFile; fileRef = 26F39CF22AFFD53B00A9F305 /* CircleImage.swift */; };
		26DA7F5B2B06E721001550A5 /* LandmarkRow.swift in Sources */ = {isa = PBXBuildFile; fileRef = 26F39CFD2B004ACF00A9F305 /* LandmarkRow.swift */; };
		26DA7F5C2B06E721001550A5 /* landmarkData.json in Resources */ = {isa = PBXBuildFile; fileRef = 26F39CF72B0016AC00A9F305 /* landmarkData.json */; };
		26DA7F5D2B06E721001550A5 /* Assets.xcassets in Resources */ = {isa = PBXBuildFile; fileRef = 26F39CE72AFFC32E00A9F305 /* Assets.xcassets */; };
		26DA7F5E2B06E721001550A5 /* hikeData.json in Resources */ = {isa = PBXBuildFile; fileRef = 26F47D022B02E164006E78F7 /* hikeData.json */; };
		26DA7F5F2B06E721001550A5 /* MapView.swift in Sources */ = {isa = PBXBuildFile; fileRef = 26F39CF42AFFD5BB00A9F305 /* MapView.swift */; };
		26DA7F602B06E721001550A5 /* LandmarksApp.swift in Sources */ = {isa = PBXBuildFile; fileRef = 26F39CE32AFFC32D00A9F305 /* LandmarksApp.swift */; };
		26DA7F632B06E808001550A5 /* LandmarkDetail.swift in Sources */ = {isa = PBXBuildFile; fileRef = 26DA7F622B06E808001550A5 /* LandmarkDetail.swift */; };
		26DA7F642B06E890001550A5 /* Landmark.swift in Sources */ = {isa = PBXBuildFile; fileRef = 26F39CF92B00171600A9F305 /* Landmark.swift */; };
		26DA7F652B06E975001550A5 /* Hike.swift in Sources */ = {isa = PBXBuildFile; fileRef = 26F47D002B02DF85006E78F7 /* Hike.swift */; };
		26DA7F672B06EBC5001550A5 /* NotificationView.swift in Sources */ = {isa = PBXBuildFile; fileRef = 26DA7F662B06EBC5001550A5 /* NotificationView.swift */; };
		26DA7F692B06ECF1001550A5 /* NotificationController.swift in Sources */ = {isa = PBXBuildFile; fileRef = 26DA7F682B06ECF1001550A5 /* NotificationController.swift */; };
		26DA7F742B06F2B6001550A5 /* ContentView.swift in Sources */ = {isa = PBXBuildFile; fileRef = 26DA7F732B06F2B6001550A5 /* ContentView.swift */; };
		26DA7F762B06F2B7001550A5 /* Assets.xcassets in Resources */ = {isa = PBXBuildFile; fileRef = 26DA7F752B06F2B7001550A5 /* Assets.xcassets */; };
		26DA7F792B06F2B7001550A5 /* Preview Assets.xcassets in Resources */ = {isa = PBXBuildFile; fileRef = 26DA7F782B06F2B7001550A5 /* Preview Assets.xcassets */; };
		26DA7F7E2B06F40C001550A5 /* LandmarksApp.swift in Sources */ = {isa = PBXBuildFile; fileRef = 26F39CE32AFFC32D00A9F305 /* LandmarksApp.swift */; };
		26DA7F7F2B06F416001550A5 /* LandmarkList.swift in Sources */ = {isa = PBXBuildFile; fileRef = 26F39CFF2B004D6700A9F305 /* LandmarkList.swift */; };
		26DA7F802B06F41D001550A5 /* LandmarkRow.swift in Sources */ = {isa = PBXBuildFile; fileRef = 26F39CFD2B004ACF00A9F305 /* LandmarkRow.swift */; };
		26DA7F812B06F432001550A5 /* CircleImage.swift in Sources */ = {isa = PBXBuildFile; fileRef = 26F39CF22AFFD53B00A9F305 /* CircleImage.swift */; };
		26DA7F822B06F437001550A5 /* MapView.swift in Sources */ = {isa = PBXBuildFile; fileRef = 26F39CF42AFFD5BB00A9F305 /* MapView.swift */; };
		26DA7F832B06F440001550A5 /* FavoriteButton.swift in Sources */ = {isa = PBXBuildFile; fileRef = 26F47CF12B02A473006E78F7 /* FavoriteButton.swift */; };
		26DA7F842B06F44D001550A5 /* Hike.swift in Sources */ = {isa = PBXBuildFile; fileRef = 26F47D002B02DF85006E78F7 /* Hike.swift */; };
		26DA7F852B06F451001550A5 /* Landmark.swift in Sources */ = {isa = PBXBuildFile; fileRef = 26F39CF92B00171600A9F305 /* Landmark.swift */; };
		26DA7F862B06F454001550A5 /* ModelData.swift in Sources */ = {isa = PBXBuildFile; fileRef = 26F39CFB2B0044D900A9F305 /* ModelData.swift */; };
		26DA7F872B06F458001550A5 /* Profile.swift in Sources */ = {isa = PBXBuildFile; fileRef = 26DA7F2E2B04A5C8001550A5 /* Profile.swift */; };
		26DA7F882B06F471001550A5 /* Assets.xcassets in Resources */ = {isa = PBXBuildFile; fileRef = 26F39CE72AFFC32E00A9F305 /* Assets.xcassets */; };
		26DA7F892B06F482001550A5 /* landmarkData.json in Resources */ = {isa = PBXBuildFile; fileRef = 26F39CF72B0016AC00A9F305 /* landmarkData.json */; };
		26DA7F8A2B06F489001550A5 /* hikeData.json in Resources */ = {isa = PBXBuildFile; fileRef = 26F47D022B02E164006E78F7 /* hikeData.json */; };
		26DA7F8D2B06F4E0001550A5 /* LandmarkDetail.swift in Sources */ = {isa = PBXBuildFile; fileRef = 26F39D012B00501200A9F305 /* LandmarkDetail.swift */; };
		26DA7F8F2B06F6AD001550A5 /* LandmarkDetail.swift in Sources */ = {isa = PBXBuildFile; fileRef = 26DA7F8E2B06F6AD001550A5 /* LandmarkDetail.swift */; };
		26DA7F912B0701DA001550A5 /* LandmarkList.swift in Sources */ = {isa = PBXBuildFile; fileRef = 26DA7F902B0701DA001550A5 /* LandmarkList.swift */; };
		26DA7F942B070850001550A5 /* LandmarkCommands.swift in Sources */ = {isa = PBXBuildFile; fileRef = 26DA7F922B070850001550A5 /* LandmarkCommands.swift */; };
		26DA7F962B070DC0001550A5 /* LandmarkSettings.swift in Sources */ = {isa = PBXBuildFile; fileRef = 26DA7F952B070DC0001550A5 /* LandmarkSettings.swift */; };
		26F39CE42AFFC32D00A9F305 /* LandmarksApp.swift in Sources */ = {isa = PBXBuildFile; fileRef = 26F39CE32AFFC32D00A9F305 /* LandmarksApp.swift */; };
		26F39CE62AFFC32D00A9F305 /* ContentView.swift in Sources */ = {isa = PBXBuildFile; fileRef = 26F39CE52AFFC32D00A9F305 /* ContentView.swift */; };
		26F39CE82AFFC32E00A9F305 /* Assets.xcassets in Resources */ = {isa = PBXBuildFile; fileRef = 26F39CE72AFFC32E00A9F305 /* Assets.xcassets */; };
		26F39CEB2AFFC32E00A9F305 /* Preview Assets.xcassets in Resources */ = {isa = PBXBuildFile; fileRef = 26F39CEA2AFFC32E00A9F305 /* Preview Assets.xcassets */; };
		26F39CF32AFFD53B00A9F305 /* CircleImage.swift in Sources */ = {isa = PBXBuildFile; fileRef = 26F39CF22AFFD53B00A9F305 /* CircleImage.swift */; };
		26F39CF52AFFD5BB00A9F305 /* MapView.swift in Sources */ = {isa = PBXBuildFile; fileRef = 26F39CF42AFFD5BB00A9F305 /* MapView.swift */; };
		26F39CF82B0016AC00A9F305 /* landmarkData.json in Resources */ = {isa = PBXBuildFile; fileRef = 26F39CF72B0016AC00A9F305 /* landmarkData.json */; };
		26F39CFA2B00171600A9F305 /* Landmark.swift in Sources */ = {isa = PBXBuildFile; fileRef = 26F39CF92B00171600A9F305 /* Landmark.swift */; };
		26F39CFC2B0044D900A9F305 /* ModelData.swift in Sources */ = {isa = PBXBuildFile; fileRef = 26F39CFB2B0044D900A9F305 /* ModelData.swift */; };
		26F39CFE2B004ACF00A9F305 /* LandmarkRow.swift in Sources */ = {isa = PBXBuildFile; fileRef = 26F39CFD2B004ACF00A9F305 /* LandmarkRow.swift */; };
		26F39D002B004D6700A9F305 /* LandmarkList.swift in Sources */ = {isa = PBXBuildFile; fileRef = 26F39CFF2B004D6700A9F305 /* LandmarkList.swift */; };
		26F47CF22B02A473006E78F7 /* FavoriteButton.swift in Sources */ = {isa = PBXBuildFile; fileRef = 26F47CF12B02A473006E78F7 /* FavoriteButton.swift */; };
		26F47CF72B02C25C006E78F7 /* HexagonParameters.swift in Sources */ = {isa = PBXBuildFile; fileRef = 26F47CF62B02C25C006E78F7 /* HexagonParameters.swift */; };
		26F47CF92B02C3CD006E78F7 /* BadgeBackground.swift in Sources */ = {isa = PBXBuildFile; fileRef = 26F47CF82B02C3CD006E78F7 /* BadgeBackground.swift */; };
		26F47CFB2B02D74F006E78F7 /* BadgeSymbol.swift in Sources */ = {isa = PBXBuildFile; fileRef = 26F47CFA2B02D74F006E78F7 /* BadgeSymbol.swift */; };
		26F47CFD2B02D7F9006E78F7 /* RotatedBadgeSymbol.swift in Sources */ = {isa = PBXBuildFile; fileRef = 26F47CFC2B02D7F9006E78F7 /* RotatedBadgeSymbol.swift */; };
		26F47CFF2B02D89E006E78F7 /* Badge.swift in Sources */ = {isa = PBXBuildFile; fileRef = 26F47CFE2B02D89E006E78F7 /* Badge.swift */; };
		26F47D012B02DF85006E78F7 /* Hike.swift in Sources */ = {isa = PBXBuildFile; fileRef = 26F47D002B02DF85006E78F7 /* Hike.swift */; };
		26F47D032B02E164006E78F7 /* hikeData.json in Resources */ = {isa = PBXBuildFile; fileRef = 26F47D022B02E164006E78F7 /* hikeData.json */; };
		26F47D092B02E199006E78F7 /* GraphCapsule.swift in Sources */ = {isa = PBXBuildFile; fileRef = 26F47D052B02E199006E78F7 /* GraphCapsule.swift */; };
		26F47D0A2B02E199006E78F7 /* HikeGraph.swift in Sources */ = {isa = PBXBuildFile; fileRef = 26F47D062B02E199006E78F7 /* HikeGraph.swift */; };
		26F47D0B2B02E199006E78F7 /* HikeDetail.swift in Sources */ = {isa = PBXBuildFile; fileRef = 26F47D072B02E199006E78F7 /* HikeDetail.swift */; };
		26F47D0C2B02E199006E78F7 /* HikeView.swift in Sources */ = {isa = PBXBuildFile; fileRef = 26F47D082B02E199006E78F7 /* HikeView.swift */; };
/* End PBXBuildFile section */

/* Begin PBXContainerItemProxy section */
		26DA7F512B06E436001550A5 /* PBXContainerItemProxy */ = {
			isa = PBXContainerItemProxy;
			containerPortal = 26F39CD82AFFC32D00A9F305 /* Project object */;
			proxyType = 1;
			remoteGlobalIDString = 26DA7F452B06E436001550A5;
			remoteInfo = "WatchLandmarks Watch App";
		};
/* End PBXContainerItemProxy section */

/* Begin PBXCopyFilesBuildPhase section */
		26DA7F572B06E436001550A5 /* Embed Watch Content */ = {
			isa = PBXCopyFilesBuildPhase;
			buildActionMask = 2147483647;
			dstPath = "$(CONTENTS_FOLDER_PATH)/Watch";
			dstSubfolderSpec = 16;
			files = (
				26DA7F532B06E436001550A5 /* WatchLandmarks Watch App.app in Embed Watch Content */,
			);
			name = "Embed Watch Content";
			runOnlyForDeploymentPostprocessing = 0;
		};
/* End PBXCopyFilesBuildPhase section */

/* Begin PBXFileReference section */
		265679432B04935F003DCA94 /* CategoryHome.swift */ = {isa = PBXFileReference; lastKnownFileType = sourcecode.swift; path = CategoryHome.swift; sourceTree = "<group>"; };
		265679452B04953F003DCA94 /* CategoryRow.swift */ = {isa = PBXFileReference; lastKnownFileType = sourcecode.swift; path = CategoryRow.swift; sourceTree = "<group>"; };
		26DA7F2C2B04A1D8001550A5 /* CategoryItem.swift */ = {isa = PBXFileReference; lastKnownFileType = sourcecode.swift; path = CategoryItem.swift; sourceTree = "<group>"; };
		26DA7F2E2B04A5C8001550A5 /* Profile.swift */ = {isa = PBXFileReference; lastKnownFileType = sourcecode.swift; path = Profile.swift; sourceTree = "<group>"; };
		26DA7F312B04A77D001550A5 /* ProfileHost.swift */ = {isa = PBXFileReference; lastKnownFileType = sourcecode.swift; path = ProfileHost.swift; sourceTree = "<group>"; };
		26DA7F332B04A80F001550A5 /* ProfileSummary.swift */ = {isa = PBXFileReference; lastKnownFileType = sourcecode.swift; path = ProfileSummary.swift; sourceTree = "<group>"; };
		26DA7F352B04A93E001550A5 /* HikeBadge.swift */ = {isa = PBXFileReference; lastKnownFileType = sourcecode.swift; path = HikeBadge.swift; sourceTree = "<group>"; };
		26DA7F372B0534E7001550A5 /* ProfileEditor.swift */ = {isa = PBXFileReference; lastKnownFileType = sourcecode.swift; path = ProfileEditor.swift; sourceTree = "<group>"; };
		26DA7F3A2B054D3A001550A5 /* PageViewController.swift */ = {isa = PBXFileReference; lastKnownFileType = sourcecode.swift; path = PageViewController.swift; sourceTree = "<group>"; };
		26DA7F3C2B0566F2001550A5 /* FeatureCard.swift */ = {isa = PBXFileReference; lastKnownFileType = sourcecode.swift; path = FeatureCard.swift; sourceTree = "<group>"; };
		26DA7F3E2B0568B2001550A5 /* PageView.swift */ = {isa = PBXFileReference; lastKnownFileType = sourcecode.swift; path = PageView.swift; sourceTree = "<group>"; };
		26DA7F402B06DE2A001550A5 /* PageControl.swift */ = {isa = PBXFileReference; lastKnownFileType = sourcecode.swift; path = PageControl.swift; sourceTree = "<group>"; };
		26DA7F462B06E436001550A5 /* WatchLandmarks Watch App.app */ = {isa = PBXFileReference; explicitFileType = wrapper.application; includeInIndex = 0; path = "WatchLandmarks Watch App.app"; sourceTree = BUILT_PRODUCTS_DIR; };
		26DA7F4A2B06E436001550A5 /* ContentView.swift */ = {isa = PBXFileReference; lastKnownFileType = sourcecode.swift; path = ContentView.swift; sourceTree = "<group>"; };
		26DA7F4C2B06E436001550A5 /* Assets.xcassets */ = {isa = PBXFileReference; lastKnownFileType = folder.assetcatalog; path = Assets.xcassets; sourceTree = "<group>"; };
		26DA7F4F2B06E436001550A5 /* Preview Assets.xcassets */ = {isa = PBXFileReference; lastKnownFileType = folder.assetcatalog; path = "Preview Assets.xcassets"; sourceTree = "<group>"; };
		26DA7F622B06E808001550A5 /* LandmarkDetail.swift */ = {isa = PBXFileReference; lastKnownFileType = sourcecode.swift; path = LandmarkDetail.swift; sourceTree = "<group>"; };
		26DA7F662B06EBC5001550A5 /* NotificationView.swift */ = {isa = PBXFileReference; lastKnownFileType = sourcecode.swift; path = NotificationView.swift; sourceTree = "<group>"; };
		26DA7F682B06ECF1001550A5 /* NotificationController.swift */ = {isa = PBXFileReference; lastKnownFileType = sourcecode.swift; path = NotificationController.swift; sourceTree = "<group>"; };
		26DA7F6A2B06EF45001550A5 /* PushNotificationPayload.apns */ = {isa = PBXFileReference; lastKnownFileType = text; path = PushNotificationPayload.apns; sourceTree = "<group>"; };
		26DA7F6F2B06F2B6001550A5 /* MacLandmarks.app */ = {isa = PBXFileReference; explicitFileType = wrapper.application; includeInIndex = 0; path = MacLandmarks.app; sourceTree = BUILT_PRODUCTS_DIR; };
		26DA7F732B06F2B6001550A5 /* ContentView.swift */ = {isa = PBXFileReference; lastKnownFileType = sourcecode.swift; path = ContentView.swift; sourceTree = "<group>"; };
		26DA7F752B06F2B7001550A5 /* Assets.xcassets */ = {isa = PBXFileReference; lastKnownFileType = folder.assetcatalog; path = Assets.xcassets; sourceTree = "<group>"; };
		26DA7F782B06F2B7001550A5 /* Preview Assets.xcassets */ = {isa = PBXFileReference; lastKnownFileType = folder.assetcatalog; path = "Preview Assets.xcassets"; sourceTree = "<group>"; };
		26DA7F7A2B06F2B7001550A5 /* MacLandmarks.entitlements */ = {isa = PBXFileReference; lastKnownFileType = text.plist.entitlements; path = MacLandmarks.entitlements; sourceTree = "<group>"; };
		26DA7F8E2B06F6AD001550A5 /* LandmarkDetail.swift */ = {isa = PBXFileReference; lastKnownFileType = sourcecode.swift; path = LandmarkDetail.swift; sourceTree = "<group>"; };
		26DA7F902B0701DA001550A5 /* LandmarkList.swift */ = {isa = PBXFileReference; lastKnownFileType = sourcecode.swift; path = LandmarkList.swift; sourceTree = "<group>"; };
		26DA7F922B070850001550A5 /* LandmarkCommands.swift */ = {isa = PBXFileReference; lastKnownFileType = sourcecode.swift; path = LandmarkCommands.swift; sourceTree = "<group>"; };
		26DA7F952B070DC0001550A5 /* LandmarkSettings.swift */ = {isa = PBXFileReference; lastKnownFileType = sourcecode.swift; path = LandmarkSettings.swift; sourceTree = "<group>"; };
		26F39CE02AFFC32D00A9F305 /* Landmarks.app */ = {isa = PBXFileReference; explicitFileType = wrapper.application; includeInIndex = 0; path = Landmarks.app; sourceTree = BUILT_PRODUCTS_DIR; };
		26F39CE32AFFC32D00A9F305 /* LandmarksApp.swift */ = {isa = PBXFileReference; lastKnownFileType = sourcecode.swift; path = LandmarksApp.swift; sourceTree = "<group>"; };
		26F39CE52AFFC32D00A9F305 /* ContentView.swift */ = {isa = PBXFileReference; lastKnownFileType = sourcecode.swift; path = ContentView.swift; sourceTree = "<group>"; };
		26F39CE72AFFC32E00A9F305 /* Assets.xcassets */ = {isa = PBXFileReference; lastKnownFileType = folder.assetcatalog; path = Assets.xcassets; sourceTree = "<group>"; };
		26F39CEA2AFFC32E00A9F305 /* Preview Assets.xcassets */ = {isa = PBXFileReference; lastKnownFileType = folder.assetcatalog; path = "Preview Assets.xcassets"; sourceTree = "<group>"; };
		26F39CF22AFFD53B00A9F305 /* CircleImage.swift */ = {isa = PBXFileReference; lastKnownFileType = sourcecode.swift; path = CircleImage.swift; sourceTree = "<group>"; };
		26F39CF42AFFD5BB00A9F305 /* MapView.swift */ = {isa = PBXFileReference; lastKnownFileType = sourcecode.swift; path = MapView.swift; sourceTree = "<group>"; };
		26F39CF72B0016AC00A9F305 /* landmarkData.json */ = {isa = PBXFileReference; fileEncoding = 4; lastKnownFileType = text.json; path = landmarkData.json; sourceTree = "<group>"; };
		26F39CF92B00171600A9F305 /* Landmark.swift */ = {isa = PBXFileReference; lastKnownFileType = sourcecode.swift; path = Landmark.swift; sourceTree = "<group>"; };
		26F39CFB2B0044D900A9F305 /* ModelData.swift */ = {isa = PBXFileReference; lastKnownFileType = sourcecode.swift; path = ModelData.swift; sourceTree = "<group>"; };
		26F39CFD2B004ACF00A9F305 /* LandmarkRow.swift */ = {isa = PBXFileReference; lastKnownFileType = sourcecode.swift; path = LandmarkRow.swift; sourceTree = "<group>"; };
		26F39CFF2B004D6700A9F305 /* LandmarkList.swift */ = {isa = PBXFileReference; lastKnownFileType = sourcecode.swift; path = LandmarkList.swift; sourceTree = "<group>"; };
		26F39D012B00501200A9F305 /* LandmarkDetail.swift */ = {isa = PBXFileReference; lastKnownFileType = sourcecode.swift; path = LandmarkDetail.swift; sourceTree = "<group>"; };
		26F47CF12B02A473006E78F7 /* FavoriteButton.swift */ = {isa = PBXFileReference; lastKnownFileType = sourcecode.swift; path = FavoriteButton.swift; sourceTree = "<group>"; };
		26F47CF62B02C25C006E78F7 /* HexagonParameters.swift */ = {isa = PBXFileReference; lastKnownFileType = sourcecode.swift; path = HexagonParameters.swift; sourceTree = "<group>"; };
		26F47CF82B02C3CD006E78F7 /* BadgeBackground.swift */ = {isa = PBXFileReference; lastKnownFileType = sourcecode.swift; path = BadgeBackground.swift; sourceTree = "<group>"; };
		26F47CFA2B02D74F006E78F7 /* BadgeSymbol.swift */ = {isa = PBXFileReference; lastKnownFileType = sourcecode.swift; path = BadgeSymbol.swift; sourceTree = "<group>"; };
		26F47CFC2B02D7F9006E78F7 /* RotatedBadgeSymbol.swift */ = {isa = PBXFileReference; lastKnownFileType = sourcecode.swift; path = RotatedBadgeSymbol.swift; sourceTree = "<group>"; };
		26F47CFE2B02D89E006E78F7 /* Badge.swift */ = {isa = PBXFileReference; lastKnownFileType = sourcecode.swift; path = Badge.swift; sourceTree = "<group>"; };
		26F47D002B02DF85006E78F7 /* Hike.swift */ = {isa = PBXFileReference; lastKnownFileType = sourcecode.swift; path = Hike.swift; sourceTree = "<group>"; };
		26F47D022B02E164006E78F7 /* hikeData.json */ = {isa = PBXFileReference; fileEncoding = 4; lastKnownFileType = text.json; path = hikeData.json; sourceTree = "<group>"; };
		26F47D052B02E199006E78F7 /* GraphCapsule.swift */ = {isa = PBXFileReference; fileEncoding = 4; lastKnownFileType = sourcecode.swift; path = GraphCapsule.swift; sourceTree = "<group>"; };
		26F47D062B02E199006E78F7 /* HikeGraph.swift */ = {isa = PBXFileReference; fileEncoding = 4; lastKnownFileType = sourcecode.swift; path = HikeGraph.swift; sourceTree = "<group>"; };
		26F47D072B02E199006E78F7 /* HikeDetail.swift */ = {isa = PBXFileReference; fileEncoding = 4; lastKnownFileType = sourcecode.swift; path = HikeDetail.swift; sourceTree = "<group>"; };
		26F47D082B02E199006E78F7 /* HikeView.swift */ = {isa = PBXFileReference; fileEncoding = 4; lastKnownFileType = sourcecode.swift; path = HikeView.swift; sourceTree = "<group>"; };
/* End PBXFileReference section */

/* Begin PBXFrameworksBuildPhase section */
		26DA7F432B06E436001550A5 /* Frameworks */ = {
			isa = PBXFrameworksBuildPhase;
			buildActionMask = 2147483647;
			files = (
			);
			runOnlyForDeploymentPostprocessing = 0;
		};
		26DA7F6C2B06F2B6001550A5 /* Frameworks */ = {
			isa = PBXFrameworksBuildPhase;
			buildActionMask = 2147483647;
			files = (
			);
			runOnlyForDeploymentPostprocessing = 0;
		};
		26F39CDD2AFFC32D00A9F305 /* Frameworks */ = {
			isa = PBXFrameworksBuildPhase;
			buildActionMask = 2147483647;
			files = (
			);
			runOnlyForDeploymentPostprocessing = 0;
		};
/* End PBXFrameworksBuildPhase section */

/* Begin PBXGroup section */
		265679422B04933D003DCA94 /* Categories */ = {
			isa = PBXGroup;
			children = (
				265679432B04935F003DCA94 /* CategoryHome.swift */,
				26DA7F2C2B04A1D8001550A5 /* CategoryItem.swift */,
				265679452B04953F003DCA94 /* CategoryRow.swift */,
			);
			path = Categories;
			sourceTree = "<group>";
		};
		26DA7F302B04A72E001550A5 /* Profiles */ = {
			isa = PBXGroup;
			children = (
				26DA7F372B0534E7001550A5 /* ProfileEditor.swift */,
				26DA7F312B04A77D001550A5 /* ProfileHost.swift */,
				26DA7F332B04A80F001550A5 /* ProfileSummary.swift */,
			);
			path = Profiles;
			sourceTree = "<group>";
		};
		26DA7F392B054D18001550A5 /* PageView */ = {
			isa = PBXGroup;
			children = (
				26DA7F3C2B0566F2001550A5 /* FeatureCard.swift */,
				26DA7F402B06DE2A001550A5 /* PageControl.swift */,
				26DA7F3E2B0568B2001550A5 /* PageView.swift */,
				26DA7F3A2B054D3A001550A5 /* PageViewController.swift */,
			);
			path = PageView;
			sourceTree = "<group>";
		};
		26DA7F472B06E436001550A5 /* WatchLandmarks Watch App */ = {
			isa = PBXGroup;
			children = (
				26DA7F4A2B06E436001550A5 /* ContentView.swift */,
				26DA7F622B06E808001550A5 /* LandmarkDetail.swift */,
				26DA7F902B0701DA001550A5 /* LandmarkList.swift */,
				26DA7F682B06ECF1001550A5 /* NotificationController.swift */,
				26DA7F662B06EBC5001550A5 /* NotificationView.swift */,
				26DA7F4C2B06E436001550A5 /* Assets.xcassets */,
				26DA7F4E2B06E436001550A5 /* Preview Content */,
				26DA7F6A2B06EF45001550A5 /* PushNotificationPayload.apns */,
			);
			path = "WatchLandmarks Watch App";
			sourceTree = "<group>";
		};
		26DA7F4E2B06E436001550A5 /* Preview Content */ = {
			isa = PBXGroup;
			children = (
				26DA7F4F2B06E436001550A5 /* Preview Assets.xcassets */,
			);
			path = "Preview Content";
			sourceTree = "<group>";
		};
		26DA7F702B06F2B6001550A5 /* MacLandmarks */ = {
			isa = PBXGroup;
			children = (
				26DA7F732B06F2B6001550A5 /* ContentView.swift */,
				26DA7F922B070850001550A5 /* LandmarkCommands.swift */,
				26DA7F8E2B06F6AD001550A5 /* LandmarkDetail.swift */,
				26DA7F752B06F2B7001550A5 /* Assets.xcassets */,
				26DA7F7A2B06F2B7001550A5 /* MacLandmarks.entitlements */,
				26DA7F772B06F2B7001550A5 /* Preview Content */,
				26DA7F952B070DC0001550A5 /* LandmarkSettings.swift */,
			);
			path = MacLandmarks;
			sourceTree = "<group>";
		};
		26DA7F772B06F2B7001550A5 /* Preview Content */ = {
			isa = PBXGroup;
			children = (
				26DA7F782B06F2B7001550A5 /* Preview Assets.xcassets */,
			);
			path = "Preview Content";
			sourceTree = "<group>";
		};
		26F39CD72AFFC32D00A9F305 = {
			isa = PBXGroup;
			children = (
				26F39CE22AFFC32D00A9F305 /* Landmarks */,
				26DA7F472B06E436001550A5 /* WatchLandmarks Watch App */,
				26DA7F702B06F2B6001550A5 /* MacLandmarks */,
				26F39CE12AFFC32D00A9F305 /* Products */,
			);
			sourceTree = "<group>";
		};
		26F39CE12AFFC32D00A9F305 /* Products */ = {
			isa = PBXGroup;
			children = (
				26F39CE02AFFC32D00A9F305 /* Landmarks.app */,
				26DA7F462B06E436001550A5 /* WatchLandmarks Watch App.app */,
				26DA7F6F2B06F2B6001550A5 /* MacLandmarks.app */,
			);
			name = Products;
			sourceTree = "<group>";
		};
		26F39CE22AFFC32D00A9F305 /* Landmarks */ = {
			isa = PBXGroup;
			children = (
				26F39CF62AFFF99900A9F305 /* Models */,
				26F39CF12AFFD4D400A9F305 /* Views */,
				26F39CE32AFFC32D00A9F305 /* LandmarksApp.swift */,
				26F47D022B02E164006E78F7 /* hikeData.json */,
				26F39CF72B0016AC00A9F305 /* landmarkData.json */,
				26F39CE72AFFC32E00A9F305 /* Assets.xcassets */,
				26F39CE92AFFC32E00A9F305 /* Preview Content */,
			);
			path = Landmarks;
			sourceTree = "<group>";
		};
		26F39CE92AFFC32E00A9F305 /* Preview Content */ = {
			isa = PBXGroup;
			children = (
				26F39CEA2AFFC32E00A9F305 /* Preview Assets.xcassets */,
			);
			path = "Preview Content";
			sourceTree = "<group>";
		};
		26F39CF12AFFD4D400A9F305 /* Views */ = {
			isa = PBXGroup;
			children = (
				265679422B04933D003DCA94 /* Categories */,
				26F47CF52B02C23F006E78F7 /* Badges */,
				26F47CF42B02A531006E78F7 /* Helper */,
				26F47D042B02E199006E78F7 /* Hikes */,
				26F47CF32B02A523006E78F7 /* Landmarks */,
				26DA7F392B054D18001550A5 /* PageView */,
				26DA7F302B04A72E001550A5 /* Profiles */,
				26F39CE52AFFC32D00A9F305 /* ContentView.swift */,
			);
			path = Views;
			sourceTree = "<group>";
		};
		26F39CF62AFFF99900A9F305 /* Models */ = {
			isa = PBXGroup;
			children = (
				26F47D002B02DF85006E78F7 /* Hike.swift */,
				26F39CF92B00171600A9F305 /* Landmark.swift */,
				26F39CFB2B0044D900A9F305 /* ModelData.swift */,
				26DA7F2E2B04A5C8001550A5 /* Profile.swift */,
			);
			path = Models;
			sourceTree = "<group>";
		};
		26F47CF32B02A523006E78F7 /* Landmarks */ = {
			isa = PBXGroup;
			children = (
				26F39D012B00501200A9F305 /* LandmarkDetail.swift */,
				26F39CFF2B004D6700A9F305 /* LandmarkList.swift */,
				26F39CFD2B004ACF00A9F305 /* LandmarkRow.swift */,
			);
			path = Landmarks;
			sourceTree = "<group>";
		};
		26F47CF42B02A531006E78F7 /* Helper */ = {
			isa = PBXGroup;
			children = (
				26F39CF22AFFD53B00A9F305 /* CircleImage.swift */,
				26F47CF12B02A473006E78F7 /* FavoriteButton.swift */,
				26F39CF42AFFD5BB00A9F305 /* MapView.swift */,
			);
			path = Helper;
			sourceTree = "<group>";
		};
		26F47CF52B02C23F006E78F7 /* Badges */ = {
			isa = PBXGroup;
			children = (
				26F47CFE2B02D89E006E78F7 /* Badge.swift */,
				26F47CF82B02C3CD006E78F7 /* BadgeBackground.swift */,
				26F47CFA2B02D74F006E78F7 /* BadgeSymbol.swift */,
				26F47CF62B02C25C006E78F7 /* HexagonParameters.swift */,
				26F47CFC2B02D7F9006E78F7 /* RotatedBadgeSymbol.swift */,
			);
			path = Badges;
			sourceTree = "<group>";
		};
		26F47D042B02E199006E78F7 /* Hikes */ = {
			isa = PBXGroup;
			children = (
				26F47D052B02E199006E78F7 /* GraphCapsule.swift */,
				26DA7F352B04A93E001550A5 /* HikeBadge.swift */,
				26F47D072B02E199006E78F7 /* HikeDetail.swift */,
				26F47D062B02E199006E78F7 /* HikeGraph.swift */,
				26F47D082B02E199006E78F7 /* HikeView.swift */,
			);
			path = Hikes;
			sourceTree = "<group>";
		};
/* End PBXGroup section */

/* Begin PBXNativeTarget section */
		26DA7F452B06E436001550A5 /* WatchLandmarks Watch App */ = {
			isa = PBXNativeTarget;
			buildConfigurationList = 26DA7F542B06E436001550A5 /* Build configuration list for PBXNativeTarget "WatchLandmarks Watch App" */;
			buildPhases = (
				26DA7F422B06E436001550A5 /* Sources */,
				26DA7F432B06E436001550A5 /* Frameworks */,
				26DA7F442B06E436001550A5 /* Resources */,
			);
			buildRules = (
			);
			dependencies = (
			);
			name = "WatchLandmarks Watch App";
			productName = "WatchLandmarks Watch App";
			productReference = 26DA7F462B06E436001550A5 /* WatchLandmarks Watch App.app */;
			productType = "com.apple.product-type.application";
		};
		26DA7F6E2B06F2B6001550A5 /* MacLandmarks */ = {
			isa = PBXNativeTarget;
			buildConfigurationList = 26DA7F7B2B06F2B7001550A5 /* Build configuration list for PBXNativeTarget "MacLandmarks" */;
			buildPhases = (
				26DA7F6B2B06F2B6001550A5 /* Sources */,
				26DA7F6C2B06F2B6001550A5 /* Frameworks */,
				26DA7F6D2B06F2B6001550A5 /* Resources */,
			);
			buildRules = (
			);
			dependencies = (
			);
			name = MacLandmarks;
			productName = MacLandmarks;
			productReference = 26DA7F6F2B06F2B6001550A5 /* MacLandmarks.app */;
			productType = "com.apple.product-type.application";
		};
		26F39CDF2AFFC32D00A9F305 /* Landmarks */ = {
			isa = PBXNativeTarget;
			buildConfigurationList = 26F39CEE2AFFC32E00A9F305 /* Build configuration list for PBXNativeTarget "Landmarks" */;
			buildPhases = (
				26F39CDC2AFFC32D00A9F305 /* Sources */,
				26F39CDD2AFFC32D00A9F305 /* Frameworks */,
				26F39CDE2AFFC32D00A9F305 /* Resources */,
				26DA7F572B06E436001550A5 /* Embed Watch Content */,
			);
			buildRules = (
			);
			dependencies = (
				26DA7F522B06E436001550A5 /* PBXTargetDependency */,
			);
			name = Landmarks;
			productName = Landmarks;
			productReference = 26F39CE02AFFC32D00A9F305 /* Landmarks.app */;
			productType = "com.apple.product-type.application";
		};
/* End PBXNativeTarget section */

/* Begin PBXProject section */
		26F39CD82AFFC32D00A9F305 /* Project object */ = {
			isa = PBXProject;
			attributes = {
				BuildIndependentTargetsInParallel = 1;
				LastSwiftUpdateCheck = 1510;
				LastUpgradeCheck = 1510;
				TargetAttributes = {
					26DA7F452B06E436001550A5 = {
						CreatedOnToolsVersion = 15.1;
					};
					26DA7F6E2B06F2B6001550A5 = {
						CreatedOnToolsVersion = 15.1;
					};
					26F39CDF2AFFC32D00A9F305 = {
						CreatedOnToolsVersion = 15.1;
					};
				};
			};
			buildConfigurationList = 26F39CDB2AFFC32D00A9F305 /* Build configuration list for PBXProject "Landmarks" */;
			compatibilityVersion = "Xcode 14.0";
			developmentRegion = en;
			hasScannedForEncodings = 0;
			knownRegions = (
				en,
				Base,
			);
			mainGroup = 26F39CD72AFFC32D00A9F305;
			productRefGroup = 26F39CE12AFFC32D00A9F305 /* Products */;
			projectDirPath = "";
			projectRoot = "";
			targets = (
				26F39CDF2AFFC32D00A9F305 /* Landmarks */,
				26DA7F452B06E436001550A5 /* WatchLandmarks Watch App */,
				26DA7F6E2B06F2B6001550A5 /* MacLandmarks */,
			);
		};
/* End PBXProject section */

/* Begin PBXResourcesBuildPhase section */
		26DA7F442B06E436001550A5 /* Resources */ = {
			isa = PBXResourcesBuildPhase;
			buildActionMask = 2147483647;
			files = (
				26DA7F502B06E436001550A5 /* Preview Assets.xcassets in Resources */,
				26DA7F4D2B06E436001550A5 /* Assets.xcassets in Resources */,
				26DA7F5D2B06E721001550A5 /* Assets.xcassets in Resources */,
				26DA7F5C2B06E721001550A5 /* landmarkData.json in Resources */,
				26DA7F5E2B06E721001550A5 /* hikeData.json in Resources */,
			);
			runOnlyForDeploymentPostprocessing = 0;
		};
		26DA7F6D2B06F2B6001550A5 /* Resources */ = {
			isa = PBXResourcesBuildPhase;
			buildActionMask = 2147483647;
			files = (
				26DA7F792B06F2B7001550A5 /* Preview Assets.xcassets in Resources */,
				26DA7F892B06F482001550A5 /* landmarkData.json in Resources */,
				26DA7F882B06F471001550A5 /* Assets.xcassets in Resources */,
				26DA7F762B06F2B7001550A5 /* Assets.xcassets in Resources */,
				26DA7F8A2B06F489001550A5 /* hikeData.json in Resources */,
			);
			runOnlyForDeploymentPostprocessing = 0;
		};
		26F39CDE2AFFC32D00A9F305 /* Resources */ = {
			isa = PBXResourcesBuildPhase;
			buildActionMask = 2147483647;
			files = (
				26F47D032B02E164006E78F7 /* hikeData.json in Resources */,
				26F39CEB2AFFC32E00A9F305 /* Preview Assets.xcassets in Resources */,
				26F39CE82AFFC32E00A9F305 /* Assets.xcassets in Resources */,
				26F39CF82B0016AC00A9F305 /* landmarkData.json in Resources */,
			);
			runOnlyForDeploymentPostprocessing = 0;
		};
/* End PBXResourcesBuildPhase section */

/* Begin PBXSourcesBuildPhase section */
		26DA7F422B06E436001550A5 /* Sources */ = {
			isa = PBXSourcesBuildPhase;
			buildActionMask = 2147483647;
			files = (
				26DA7F4B2B06E436001550A5 /* ContentView.swift in Sources */,
				26DA7F602B06E721001550A5 /* LandmarksApp.swift in Sources */,
				26DA7F5F2B06E721001550A5 /* MapView.swift in Sources */,
				26DA7F912B0701DA001550A5 /* LandmarkList.swift in Sources */,
				26DA7F652B06E975001550A5 /* Hike.swift in Sources */,
				26DA7F632B06E808001550A5 /* LandmarkDetail.swift in Sources */,
				26DA7F5A2B06E721001550A5 /* CircleImage.swift in Sources */,
				26DA7F592B06E721001550A5 /* Profile.swift in Sources */,
				26DA7F5B2B06E721001550A5 /* LandmarkRow.swift in Sources */,
				26DA7F692B06ECF1001550A5 /* NotificationController.swift in Sources */,
				26DA7F582B06E721001550A5 /* ModelData.swift in Sources */,
				26DA7F642B06E890001550A5 /* Landmark.swift in Sources */,
				26DA7F672B06EBC5001550A5 /* NotificationView.swift in Sources */,
			);
			runOnlyForDeploymentPostprocessing = 0;
		};
		26DA7F6B2B06F2B6001550A5 /* Sources */ = {
			isa = PBXSourcesBuildPhase;
			buildActionMask = 2147483647;
			files = (
				26DA7F742B06F2B6001550A5 /* ContentView.swift in Sources */,
				26DA7F822B06F437001550A5 /* MapView.swift in Sources */,
				26DA7F962B070DC0001550A5 /* LandmarkSettings.swift in Sources */,
				26DA7F7F2B06F416001550A5 /* LandmarkList.swift in Sources */,
				26DA7F802B06F41D001550A5 /* LandmarkRow.swift in Sources */,
				26DA7F942B070850001550A5 /* LandmarkCommands.swift in Sources */,
				26DA7F8F2B06F6AD001550A5 /* LandmarkDetail.swift in Sources */,
				26DA7F832B06F440001550A5 /* FavoriteButton.swift in Sources */,
				26DA7F852B06F451001550A5 /* Landmark.swift in Sources */,
				26DA7F7E2B06F40C001550A5 /* LandmarksApp.swift in Sources */,
				26DA7F862B06F454001550A5 /* ModelData.swift in Sources */,
				26DA7F872B06F458001550A5 /* Profile.swift in Sources */,
				26DA7F842B06F44D001550A5 /* Hike.swift in Sources */,
				26DA7F812B06F432001550A5 /* CircleImage.swift in Sources */,
			);
			runOnlyForDeploymentPostprocessing = 0;
		};
		26F39CDC2AFFC32D00A9F305 /* Sources */ = {
			isa = PBXSourcesBuildPhase;
			buildActionMask = 2147483647;
			files = (
				265679462B04953F003DCA94 /* CategoryRow.swift in Sources */,
				26DA7F2F2B04A5C8001550A5 /* Profile.swift in Sources */,
				26F39CE62AFFC32D00A9F305 /* ContentView.swift in Sources */,
				265679442B04935F003DCA94 /* CategoryHome.swift in Sources */,
				26DA7F3D2B0566F2001550A5 /* FeatureCard.swift in Sources */,
				26F47D0A2B02E199006E78F7 /* HikeGraph.swift in Sources */,
				26F47CFF2B02D89E006E78F7 /* Badge.swift in Sources */,
				26F39CF52AFFD5BB00A9F305 /* MapView.swift in Sources */,
				26F47D092B02E199006E78F7 /* GraphCapsule.swift in Sources */,
				26F39CF32AFFD53B00A9F305 /* CircleImage.swift in Sources */,
				26DA7F412B06DE2A001550A5 /* PageControl.swift in Sources */,
				26F47CF22B02A473006E78F7 /* FavoriteButton.swift in Sources */,
				26DA7F8D2B06F4E0001550A5 /* LandmarkDetail.swift in Sources */,
				26DA7F2D2B04A1D8001550A5 /* CategoryItem.swift in Sources */,
				26F47D0B2B02E199006E78F7 /* HikeDetail.swift in Sources */,
				26DA7F342B04A80F001550A5 /* ProfileSummary.swift in Sources */,
				26F47CF72B02C25C006E78F7 /* HexagonParameters.swift in Sources */,
				26DA7F322B04A77D001550A5 /* ProfileHost.swift in Sources */,
				26F47D012B02DF85006E78F7 /* Hike.swift in Sources */,
				26F47CFD2B02D7F9006E78F7 /* RotatedBadgeSymbol.swift in Sources */,
				26DA7F3F2B0568B2001550A5 /* PageView.swift in Sources */,
				26F47CFB2B02D74F006E78F7 /* BadgeSymbol.swift in Sources */,
				26DA7F382B0534E7001550A5 /* ProfileEditor.swift in Sources */,
				26F39D002B004D6700A9F305 /* LandmarkList.swift in Sources */,
				26F47D0C2B02E199006E78F7 /* HikeView.swift in Sources */,
				26DA7F3B2B054D3A001550A5 /* PageViewController.swift in Sources */,
				26F47CF92B02C3CD006E78F7 /* BadgeBackground.swift in Sources */,
				26DA7F362B04A93E001550A5 /* HikeBadge.swift in Sources */,
				26F39CE42AFFC32D00A9F305 /* LandmarksApp.swift in Sources */,
				26F39CFA2B00171600A9F305 /* Landmark.swift in Sources */,
				26F39CFE2B004ACF00A9F305 /* LandmarkRow.swift in Sources */,
				26F39CFC2B0044D900A9F305 /* ModelData.swift in Sources */,
			);
			runOnlyForDeploymentPostprocessing = 0;
		};
/* End PBXSourcesBuildPhase section */

/* Begin PBXTargetDependency section */
		26DA7F522B06E436001550A5 /* PBXTargetDependency */ = {
			isa = PBXTargetDependency;
			target = 26DA7F452B06E436001550A5 /* WatchLandmarks Watch App */;
			targetProxy = 26DA7F512B06E436001550A5 /* PBXContainerItemProxy */;
		};
/* End PBXTargetDependency section */

/* Begin XCBuildConfiguration section */
		26DA7F552B06E436001550A5 /* Debug */ = {
			isa = XCBuildConfiguration;
			buildSettings = {
				ASSETCATALOG_COMPILER_APPICON_NAME = AppIcon;
				ASSETCATALOG_COMPILER_GLOBAL_ACCENT_COLOR_NAME = AccentColor;
				CODE_SIGN_STYLE = Automatic;
				CURRENT_PROJECT_VERSION = 1;
				DEVELOPMENT_ASSET_PATHS = "\"WatchLandmarks Watch App/Preview Content\"";
				DEVELOPMENT_TEAM = P92GSKWU9W;
				ENABLE_PREVIEWS = YES;
				GENERATE_INFOPLIST_FILE = YES;
				INFOPLIST_KEY_CFBundleDisplayName = WatchLandmarks;
				INFOPLIST_KEY_UISupportedInterfaceOrientations = "UIInterfaceOrientationPortrait UIInterfaceOrientationPortraitUpsideDown";
				INFOPLIST_KEY_WKCompanionAppBundleIdentifier = Sarah.Landmarks;
				INFOPLIST_KEY_WKRunsIndependentlyOfCompanionApp = YES;
				LD_RUNPATH_SEARCH_PATHS = (
					"$(inherited)",
					"@executable_path/Frameworks",
				);
				MARKETING_VERSION = 1.0;
				PRODUCT_BUNDLE_IDENTIFIER = Sarah.Landmarks.watchkitapp;
				PRODUCT_NAME = "$(TARGET_NAME)";
				SDKROOT = watchos;
				SKIP_INSTALL = YES;
				SWIFT_EMIT_LOC_STRINGS = YES;
				SWIFT_VERSION = 5.0;
				TARGETED_DEVICE_FAMILY = 4;
				WATCHOS_DEPLOYMENT_TARGET = 10.0;
			};
			name = Debug;
		};
		26DA7F562B06E436001550A5 /* Release */ = {
			isa = XCBuildConfiguration;
			buildSettings = {
				ASSETCATALOG_COMPILER_APPICON_NAME = AppIcon;
				ASSETCATALOG_COMPILER_GLOBAL_ACCENT_COLOR_NAME = AccentColor;
				CODE_SIGN_STYLE = Automatic;
				CURRENT_PROJECT_VERSION = 1;
				DEVELOPMENT_ASSET_PATHS = "\"WatchLandmarks Watch App/Preview Content\"";
				DEVELOPMENT_TEAM = P92GSKWU9W;
				ENABLE_PREVIEWS = YES;
				GENERATE_INFOPLIST_FILE = YES;
				INFOPLIST_KEY_CFBundleDisplayName = WatchLandmarks;
				INFOPLIST_KEY_UISupportedInterfaceOrientations = "UIInterfaceOrientationPortrait UIInterfaceOrientationPortraitUpsideDown";
				INFOPLIST_KEY_WKCompanionAppBundleIdentifier = Sarah.Landmarks;
				INFOPLIST_KEY_WKRunsIndependentlyOfCompanionApp = YES;
				LD_RUNPATH_SEARCH_PATHS = (
					"$(inherited)",
					"@executable_path/Frameworks",
				);
				MARKETING_VERSION = 1.0;
				PRODUCT_BUNDLE_IDENTIFIER = Sarah.Landmarks.watchkitapp;
				PRODUCT_NAME = "$(TARGET_NAME)";
				SDKROOT = watchos;
				SKIP_INSTALL = YES;
				SWIFT_EMIT_LOC_STRINGS = YES;
				SWIFT_VERSION = 5.0;
				TARGETED_DEVICE_FAMILY = 4;
				WATCHOS_DEPLOYMENT_TARGET = 10.0;
			};
			name = Release;
		};
		26DA7F7C2B06F2B7001550A5 /* Debug */ = {
			isa = XCBuildConfiguration;
			buildSettings = {
				ASSETCATALOG_COMPILER_APPICON_NAME = AppIcon;
				ASSETCATALOG_COMPILER_GLOBAL_ACCENT_COLOR_NAME = AccentColor;
				CODE_SIGN_ENTITLEMENTS = MacLandmarks/MacLandmarks.entitlements;
				CODE_SIGN_STYLE = Automatic;
				COMBINE_HIDPI_IMAGES = YES;
				CURRENT_PROJECT_VERSION = 1;
				DEVELOPMENT_ASSET_PATHS = "\"MacLandmarks/Preview Content\"";
				DEVELOPMENT_TEAM = P92GSKWU9W;
				ENABLE_HARDENED_RUNTIME = YES;
				ENABLE_PREVIEWS = YES;
				GENERATE_INFOPLIST_FILE = YES;
				INFOPLIST_KEY_NSHumanReadableCopyright = "";
				LD_RUNPATH_SEARCH_PATHS = (
					"$(inherited)",
					"@executable_path/../Frameworks",
				);
				MACOSX_DEPLOYMENT_TARGET = 14.0;
				MARKETING_VERSION = 1.0;
				PRODUCT_BUNDLE_IDENTIFIER = Sarah.MacLandmarks;
				PRODUCT_NAME = "$(TARGET_NAME)";
				SDKROOT = macosx;
				SWIFT_EMIT_LOC_STRINGS = YES;
				SWIFT_VERSION = 5.0;
			};
			name = Debug;
		};
		26DA7F7D2B06F2B7001550A5 /* Release */ = {
			isa = XCBuildConfiguration;
			buildSettings = {
				ASSETCATALOG_COMPILER_APPICON_NAME = AppIcon;
				ASSETCATALOG_COMPILER_GLOBAL_ACCENT_COLOR_NAME = AccentColor;
				CODE_SIGN_ENTITLEMENTS = MacLandmarks/MacLandmarks.entitlements;
				CODE_SIGN_STYLE = Automatic;
				COMBINE_HIDPI_IMAGES = YES;
				CURRENT_PROJECT_VERSION = 1;
				DEVELOPMENT_ASSET_PATHS = "\"MacLandmarks/Preview Content\"";
				DEVELOPMENT_TEAM = P92GSKWU9W;
				ENABLE_HARDENED_RUNTIME = YES;
				ENABLE_PREVIEWS = YES;
				GENERATE_INFOPLIST_FILE = YES;
				INFOPLIST_KEY_NSHumanReadableCopyright = "";
				LD_RUNPATH_SEARCH_PATHS = (
					"$(inherited)",
					"@executable_path/../Frameworks",
				);
				MACOSX_DEPLOYMENT_TARGET = 14.0;
				MARKETING_VERSION = 1.0;
				PRODUCT_BUNDLE_IDENTIFIER = Sarah.MacLandmarks;
				PRODUCT_NAME = "$(TARGET_NAME)";
				SDKROOT = macosx;
				SWIFT_EMIT_LOC_STRINGS = YES;
				SWIFT_VERSION = 5.0;
			};
			name = Release;
		};
		26F39CEC2AFFC32E00A9F305 /* Debug */ = {
			isa = XCBuildConfiguration;
			buildSettings = {
				ALWAYS_SEARCH_USER_PATHS = NO;
				ASSETCATALOG_COMPILER_GENERATE_SWIFT_ASSET_SYMBOL_EXTENSIONS = YES;
				CLANG_ANALYZER_NONNULL = YES;
				CLANG_ANALYZER_NUMBER_OBJECT_CONVERSION = YES_AGGRESSIVE;
				CLANG_CXX_LANGUAGE_STANDARD = "gnu++20";
				CLANG_ENABLE_MODULES = YES;
				CLANG_ENABLE_OBJC_ARC = YES;
				CLANG_ENABLE_OBJC_WEAK = YES;
				CLANG_WARN_BLOCK_CAPTURE_AUTORELEASING = YES;
				CLANG_WARN_BOOL_CONVERSION = YES;
				CLANG_WARN_COMMA = YES;
				CLANG_WARN_CONSTANT_CONVERSION = YES;
				CLANG_WARN_DEPRECATED_OBJC_IMPLEMENTATIONS = YES;
				CLANG_WARN_DIRECT_OBJC_ISA_USAGE = YES_ERROR;
				CLANG_WARN_DOCUMENTATION_COMMENTS = YES;
				CLANG_WARN_EMPTY_BODY = YES;
				CLANG_WARN_ENUM_CONVERSION = YES;
				CLANG_WARN_INFINITE_RECURSION = YES;
				CLANG_WARN_INT_CONVERSION = YES;
				CLANG_WARN_NON_LITERAL_NULL_CONVERSION = YES;
				CLANG_WARN_OBJC_IMPLICIT_RETAIN_SELF = YES;
				CLANG_WARN_OBJC_LITERAL_CONVERSION = YES;
				CLANG_WARN_OBJC_ROOT_CLASS = YES_ERROR;
				CLANG_WARN_QUOTED_INCLUDE_IN_FRAMEWORK_HEADER = YES;
				CLANG_WARN_RANGE_LOOP_ANALYSIS = YES;
				CLANG_WARN_STRICT_PROTOTYPES = YES;
				CLANG_WARN_SUSPICIOUS_MOVE = YES;
				CLANG_WARN_UNGUARDED_AVAILABILITY = YES_AGGRESSIVE;
				CLANG_WARN_UNREACHABLE_CODE = YES;
				CLANG_WARN__DUPLICATE_METHOD_MATCH = YES;
				COPY_PHASE_STRIP = NO;
				DEBUG_INFORMATION_FORMAT = dwarf;
				ENABLE_STRICT_OBJC_MSGSEND = YES;
				ENABLE_TESTABILITY = YES;
				ENABLE_USER_SCRIPT_SANDBOXING = YES;
				GCC_C_LANGUAGE_STANDARD = gnu17;
				GCC_DYNAMIC_NO_PIC = NO;
				GCC_NO_COMMON_BLOCKS = YES;
				GCC_OPTIMIZATION_LEVEL = 0;
				GCC_PREPROCESSOR_DEFINITIONS = (
					"DEBUG=1",
					"$(inherited)",
				);
				GCC_WARN_64_TO_32_BIT_CONVERSION = YES;
				GCC_WARN_ABOUT_RETURN_TYPE = YES_ERROR;
				GCC_WARN_UNDECLARED_SELECTOR = YES;
				GCC_WARN_UNINITIALIZED_AUTOS = YES_AGGRESSIVE;
				GCC_WARN_UNUSED_FUNCTION = YES;
				GCC_WARN_UNUSED_VARIABLE = YES;
				IPHONEOS_DEPLOYMENT_TARGET = 17.2;
				LOCALIZATION_PREFERS_STRING_CATALOGS = YES;
				MACOSX_DEPLOYMENT_TARGET = 14.0;
				MTL_ENABLE_DEBUG_INFO = INCLUDE_SOURCE;
				MTL_FAST_MATH = YES;
				ONLY_ACTIVE_ARCH = YES;
				SDKROOT = iphoneos;
				SWIFT_ACTIVE_COMPILATION_CONDITIONS = "DEBUG $(inherited)";
				SWIFT_OPTIMIZATION_LEVEL = "-Onone";
				WATCHOS_DEPLOYMENT_TARGET = 9.0;
			};
			name = Debug;
		};
		26F39CED2AFFC32E00A9F305 /* Release */ = {
			isa = XCBuildConfiguration;
			buildSettings = {
				ALWAYS_SEARCH_USER_PATHS = NO;
				ASSETCATALOG_COMPILER_GENERATE_SWIFT_ASSET_SYMBOL_EXTENSIONS = YES;
				CLANG_ANALYZER_NONNULL = YES;
				CLANG_ANALYZER_NUMBER_OBJECT_CONVERSION = YES_AGGRESSIVE;
				CLANG_CXX_LANGUAGE_STANDARD = "gnu++20";
				CLANG_ENABLE_MODULES = YES;
				CLANG_ENABLE_OBJC_ARC = YES;
				CLANG_ENABLE_OBJC_WEAK = YES;
				CLANG_WARN_BLOCK_CAPTURE_AUTORELEASING = YES;
				CLANG_WARN_BOOL_CONVERSION = YES;
				CLANG_WARN_COMMA = YES;
				CLANG_WARN_CONSTANT_CONVERSION = YES;
				CLANG_WARN_DEPRECATED_OBJC_IMPLEMENTATIONS = YES;
				CLANG_WARN_DIRECT_OBJC_ISA_USAGE = YES_ERROR;
				CLANG_WARN_DOCUMENTATION_COMMENTS = YES;
				CLANG_WARN_EMPTY_BODY = YES;
				CLANG_WARN_ENUM_CONVERSION = YES;
				CLANG_WARN_INFINITE_RECURSION = YES;
				CLANG_WARN_INT_CONVERSION = YES;
				CLANG_WARN_NON_LITERAL_NULL_CONVERSION = YES;
				CLANG_WARN_OBJC_IMPLICIT_RETAIN_SELF = YES;
				CLANG_WARN_OBJC_LITERAL_CONVERSION = YES;
				CLANG_WARN_OBJC_ROOT_CLASS = YES_ERROR;
				CLANG_WARN_QUOTED_INCLUDE_IN_FRAMEWORK_HEADER = YES;
				CLANG_WARN_RANGE_LOOP_ANALYSIS = YES;
				CLANG_WARN_STRICT_PROTOTYPES = YES;
				CLANG_WARN_SUSPICIOUS_MOVE = YES;
				CLANG_WARN_UNGUARDED_AVAILABILITY = YES_AGGRESSIVE;
				CLANG_WARN_UNREACHABLE_CODE = YES;
				CLANG_WARN__DUPLICATE_METHOD_MATCH = YES;
				COPY_PHASE_STRIP = NO;
				DEBUG_INFORMATION_FORMAT = "dwarf-with-dsym";
				ENABLE_NS_ASSERTIONS = NO;
				ENABLE_STRICT_OBJC_MSGSEND = YES;
				ENABLE_USER_SCRIPT_SANDBOXING = YES;
				GCC_C_LANGUAGE_STANDARD = gnu17;
				GCC_NO_COMMON_BLOCKS = YES;
				GCC_WARN_64_TO_32_BIT_CONVERSION = YES;
				GCC_WARN_ABOUT_RETURN_TYPE = YES_ERROR;
				GCC_WARN_UNDECLARED_SELECTOR = YES;
				GCC_WARN_UNINITIALIZED_AUTOS = YES_AGGRESSIVE;
				GCC_WARN_UNUSED_FUNCTION = YES;
				GCC_WARN_UNUSED_VARIABLE = YES;
				IPHONEOS_DEPLOYMENT_TARGET = 17.2;
				LOCALIZATION_PREFERS_STRING_CATALOGS = YES;
				MACOSX_DEPLOYMENT_TARGET = 14.0;
				MTL_ENABLE_DEBUG_INFO = NO;
				MTL_FAST_MATH = YES;
				SDKROOT = iphoneos;
				SWIFT_COMPILATION_MODE = wholemodule;
				VALIDATE_PRODUCT = YES;
				WATCHOS_DEPLOYMENT_TARGET = 9.0;
			};
			name = Release;
		};
		26F39CEF2AFFC32E00A9F305 /* Debug */ = {
			isa = XCBuildConfiguration;
			buildSettings = {
				ALWAYS_EMBED_SWIFT_STANDARD_LIBRARIES = YES;
				ASSETCATALOG_COMPILER_APPICON_NAME = AppIcon;
				ASSETCATALOG_COMPILER_GLOBAL_ACCENT_COLOR_NAME = AccentColor;
				CODE_SIGN_STYLE = Automatic;
				CURRENT_PROJECT_VERSION = 1;
				DEVELOPMENT_ASSET_PATHS = "\"Landmarks/Preview Content\"";
				DEVELOPMENT_TEAM = P92GSKWU9W;
				ENABLE_PREVIEWS = YES;
				GENERATE_INFOPLIST_FILE = YES;
				INFOPLIST_KEY_UIApplicationSceneManifest_Generation = YES;
				INFOPLIST_KEY_UIApplicationSupportsIndirectInputEvents = YES;
				INFOPLIST_KEY_UILaunchScreen_Generation = YES;
				INFOPLIST_KEY_UISupportedInterfaceOrientations_iPad = "UIInterfaceOrientationPortrait UIInterfaceOrientationPortraitUpsideDown UIInterfaceOrientationLandscapeLeft UIInterfaceOrientationLandscapeRight";
				INFOPLIST_KEY_UISupportedInterfaceOrientations_iPhone = "UIInterfaceOrientationPortrait UIInterfaceOrientationLandscapeLeft UIInterfaceOrientationLandscapeRight";
				LD_RUNPATH_SEARCH_PATHS = (
					"$(inherited)",
					"@executable_path/Frameworks",
				);
				MARKETING_VERSION = 1.0;
				PRODUCT_BUNDLE_IDENTIFIER = Sarah.Landmarks;
				PRODUCT_NAME = "$(TARGET_NAME)";
				SWIFT_EMIT_LOC_STRINGS = YES;
				SWIFT_VERSION = 5.0;
				TARGETED_DEVICE_FAMILY = "1,2";
			};
			name = Debug;
		};
		26F39CF02AFFC32E00A9F305 /* Release */ = {
			isa = XCBuildConfiguration;
			buildSettings = {
				ALWAYS_EMBED_SWIFT_STANDARD_LIBRARIES = YES;
				ASSETCATALOG_COMPILER_APPICON_NAME = AppIcon;
				ASSETCATALOG_COMPILER_GLOBAL_ACCENT_COLOR_NAME = AccentColor;
				CODE_SIGN_STYLE = Automatic;
				CURRENT_PROJECT_VERSION = 1;
				DEVELOPMENT_ASSET_PATHS = "\"Landmarks/Preview Content\"";
				DEVELOPMENT_TEAM = P92GSKWU9W;
				ENABLE_PREVIEWS = YES;
				GENERATE_INFOPLIST_FILE = YES;
				INFOPLIST_KEY_UIApplicationSceneManifest_Generation = YES;
				INFOPLIST_KEY_UIApplicationSupportsIndirectInputEvents = YES;
				INFOPLIST_KEY_UILaunchScreen_Generation = YES;
				INFOPLIST_KEY_UISupportedInterfaceOrientations_iPad = "UIInterfaceOrientationPortrait UIInterfaceOrientationPortraitUpsideDown UIInterfaceOrientationLandscapeLeft UIInterfaceOrientationLandscapeRight";
				INFOPLIST_KEY_UISupportedInterfaceOrientations_iPhone = "UIInterfaceOrientationPortrait UIInterfaceOrientationLandscapeLeft UIInterfaceOrientationLandscapeRight";
				LD_RUNPATH_SEARCH_PATHS = (
					"$(inherited)",
					"@executable_path/Frameworks",
				);
				MARKETING_VERSION = 1.0;
				PRODUCT_BUNDLE_IDENTIFIER = Sarah.Landmarks;
				PRODUCT_NAME = "$(TARGET_NAME)";
				SWIFT_EMIT_LOC_STRINGS = YES;
				SWIFT_VERSION = 5.0;
				TARGETED_DEVICE_FAMILY = "1,2";
			};
			name = Release;
		};
/* End XCBuildConfiguration section */

/* Begin XCConfigurationList section */
		26DA7F542B06E436001550A5 /* Build configuration list for PBXNativeTarget "WatchLandmarks Watch App" */ = {
			isa = XCConfigurationList;
			buildConfigurations = (
				26DA7F552B06E436001550A5 /* Debug */,
				26DA7F562B06E436001550A5 /* Release */,
			);
			defaultConfigurationIsVisible = 0;
			defaultConfigurationName = Release;
		};
		26DA7F7B2B06F2B7001550A5 /* Build configuration list for PBXNativeTarget "MacLandmarks" */ = {
			isa = XCConfigurationList;
			buildConfigurations = (
				26DA7F7C2B06F2B7001550A5 /* Debug */,
				26DA7F7D2B06F2B7001550A5 /* Release */,
			);
			defaultConfigurationIsVisible = 0;
			defaultConfigurationName = Release;
		};
		26F39CDB2AFFC32D00A9F305 /* Build configuration list for PBXProject "Landmarks" */ = {
			isa = XCConfigurationList;
			buildConfigurations = (
				26F39CEC2AFFC32E00A9F305 /* Debug */,
				26F39CED2AFFC32E00A9F305 /* Release */,
			);
			defaultConfigurationIsVisible = 0;
			defaultConfigurationName = Release;
		};
		26F39CEE2AFFC32E00A9F305 /* Build configuration list for PBXNativeTarget "Landmarks" */ = {
			isa = XCConfigurationList;
			buildConfigurations = (
				26F39CEF2AFFC32E00A9F305 /* Debug */,
				26F39CF02AFFC32E00A9F305 /* Release */,
			);
			defaultConfigurationIsVisible = 0;
			defaultConfigurationName = Release;
		};
/* End XCConfigurationList section */
	};
	rootObject = 26F39CD82AFFC32D00A9F305 /* Project object */;
}
